// !$*UTF8*$!
{
	archiveVersion = 1;
	classes = {
	};
	objectVersion = 56;
	objects = {

/* Begin PBXBuildFile section */
		11BD999B2A44CE1E00DBAF02 /* ContactListSwiftUIApp.swift in Sources */ = {isa = PBXBuildFile; fileRef = 11BD999A2A44CE1E00DBAF02 /* ContactListSwiftUIApp.swift */; };
		11BD999D2A44CE1E00DBAF02 /* ContentView.swift in Sources */ = {isa = PBXBuildFile; fileRef = 11BD999C2A44CE1E00DBAF02 /* ContentView.swift */; };
		11BD999F2A44CE1F00DBAF02 /* Assets.xcassets in Resources */ = {isa = PBXBuildFile; fileRef = 11BD999E2A44CE1F00DBAF02 /* Assets.xcassets */; };
		11BD99A22A44CE1F00DBAF02 /* Preview Assets.xcassets in Resources */ = {isa = PBXBuildFile; fileRef = 11BD99A12A44CE1F00DBAF02 /* Preview Assets.xcassets */; };
		11BD99A92A44CE9C00DBAF02 /* DataStore.swift in Sources */ = {isa = PBXBuildFile; fileRef = 11BD99A82A44CE9C00DBAF02 /* DataStore.swift */; };
		11BD99AB2A44CEEA00DBAF02 /* Person.swift in Sources */ = {isa = PBXBuildFile; fileRef = 11BD99AA2A44CEEA00DBAF02 /* Person.swift */; };
		11BD99AD2A44CF6000DBAF02 /* PersonViewModel.swift in Sources */ = {isa = PBXBuildFile; fileRef = 11BD99AC2A44CF6000DBAF02 /* PersonViewModel.swift */; };
		11BD99AF2A44D10A00DBAF02 /* ContactsView.swift in Sources */ = {isa = PBXBuildFile; fileRef = 11BD99AE2A44D10A00DBAF02 /* ContactsView.swift */; };
		11BD99B12A44D72000DBAF02 /* ContactRowView.swift in Sources */ = {isa = PBXBuildFile; fileRef = 11BD99B02A44D72000DBAF02 /* ContactRowView.swift */; };
		11BD99B32A44DA5500DBAF02 /* ContactDetailsView.swift in Sources */ = {isa = PBXBuildFile; fileRef = 11BD99B22A44DA5500DBAF02 /* ContactDetailsView.swift */; };
		11BD99B82A44E2DC00DBAF02 /* NumbersView.swift in Sources */ = {isa = PBXBuildFile; fileRef = 11BD99B72A44E2DC00DBAF02 /* NumbersView.swift */; };
/* End PBXBuildFile section */

/* Begin PBXFileReference section */
		11BD99972A44CE1E00DBAF02 /* ContactListSwiftUI.app */ = {isa = PBXFileReference; explicitFileType = wrapper.application; includeInIndex = 0; path = ContactListSwiftUI.app; sourceTree = BUILT_PRODUCTS_DIR; };
		11BD999A2A44CE1E00DBAF02 /* ContactListSwiftUIApp.swift */ = {isa = PBXFileReference; lastKnownFileType = sourcecode.swift; path = ContactListSwiftUIApp.swift; sourceTree = "<group>"; };
		11BD999C2A44CE1E00DBAF02 /* ContentView.swift */ = {isa = PBXFileReference; lastKnownFileType = sourcecode.swift; path = ContentView.swift; sourceTree = "<group>"; };
		11BD999E2A44CE1F00DBAF02 /* Assets.xcassets */ = {isa = PBXFileReference; lastKnownFileType = folder.assetcatalog; path = Assets.xcassets; sourceTree = "<group>"; };
		11BD99A12A44CE1F00DBAF02 /* Preview Assets.xcassets */ = {isa = PBXFileReference; lastKnownFileType = folder.assetcatalog; path = "Preview Assets.xcassets"; sourceTree = "<group>"; };
		11BD99A82A44CE9C00DBAF02 /* DataStore.swift */ = {isa = PBXFileReference; lastKnownFileType = sourcecode.swift; path = DataStore.swift; sourceTree = "<group>"; };
		11BD99AA2A44CEEA00DBAF02 /* Person.swift */ = {isa = PBXFileReference; lastKnownFileType = sourcecode.swift; path = Person.swift; sourceTree = "<group>"; };
		11BD99AC2A44CF6000DBAF02 /* PersonViewModel.swift */ = {isa = PBXFileReference; lastKnownFileType = sourcecode.swift; path = PersonViewModel.swift; sourceTree = "<group>"; };
		11BD99AE2A44D10A00DBAF02 /* ContactsView.swift */ = {isa = PBXFileReference; lastKnownFileType = sourcecode.swift; path = ContactsView.swift; sourceTree = "<group>"; };
		11BD99B02A44D72000DBAF02 /* ContactRowView.swift */ = {isa = PBXFileReference; lastKnownFileType = sourcecode.swift; path = ContactRowView.swift; sourceTree = "<group>"; };
		11BD99B22A44DA5500DBAF02 /* ContactDetailsView.swift */ = {isa = PBXFileReference; lastKnownFileType = sourcecode.swift; path = ContactDetailsView.swift; sourceTree = "<group>"; };
		11BD99B72A44E2DC00DBAF02 /* NumbersView.swift */ = {isa = PBXFileReference; lastKnownFileType = sourcecode.swift; path = NumbersView.swift; sourceTree = "<group>"; };
/* End PBXFileReference section */

/* Begin PBXFrameworksBuildPhase section */
		11BD99942A44CE1E00DBAF02 /* Frameworks */ = {
			isa = PBXFrameworksBuildPhase;
			buildActionMask = 2147483647;
			files = (
			);
			runOnlyForDeploymentPostprocessing = 0;
		};
/* End PBXFrameworksBuildPhase section */

/* Begin PBXGroup section */
		11BD998E2A44CE1E00DBAF02 = {
			isa = PBXGroup;
			children = (
				11BD99992A44CE1E00DBAF02 /* ContactListSwiftUI */,
				11BD99982A44CE1E00DBAF02 /* Products */,
			);
			sourceTree = "<group>";
		};
		11BD99982A44CE1E00DBAF02 /* Products */ = {
			isa = PBXGroup;
			children = (
				11BD99972A44CE1E00DBAF02 /* ContactListSwiftUI.app */,
			);
			name = Products;
			sourceTree = "<group>";
		};
		11BD99992A44CE1E00DBAF02 /* ContactListSwiftUI */ = {
			isa = PBXGroup;
			children = (
				11BD999A2A44CE1E00DBAF02 /* ContactListSwiftUIApp.swift */,
				11BD999C2A44CE1E00DBAF02 /* ContentView.swift */,
				11BD99AE2A44D10A00DBAF02 /* ContactsView.swift */,
				11BD99B72A44E2DC00DBAF02 /* NumbersView.swift */,
				11BD99B22A44DA5500DBAF02 /* ContactDetailsView.swift */,
				11BD99B02A44D72000DBAF02 /* ContactRowView.swift */,
				11BD99A82A44CE9C00DBAF02 /* DataStore.swift */,
				11BD99AA2A44CEEA00DBAF02 /* Person.swift */,
				11BD99AC2A44CF6000DBAF02 /* PersonViewModel.swift */,
				11BD999E2A44CE1F00DBAF02 /* Assets.xcassets */,
				11BD99A02A44CE1F00DBAF02 /* Preview Content */,
			);
			path = ContactListSwiftUI;
			sourceTree = "<group>";
		};
		11BD99A02A44CE1F00DBAF02 /* Preview Content */ = {
			isa = PBXGroup;
			children = (
				11BD99A12A44CE1F00DBAF02 /* Preview Assets.xcassets */,
			);
			path = "Preview Content";
			sourceTree = "<group>";
		};
/* End PBXGroup section */

/* Begin PBXNativeTarget section */
		11BD99962A44CE1E00DBAF02 /* ContactListSwiftUI */ = {
			isa = PBXNativeTarget;
			buildConfigurationList = 11BD99A52A44CE1F00DBAF02 /* Build configuration list for PBXNativeTarget "ContactListSwiftUI" */;
			buildPhases = (
				11BD99932A44CE1E00DBAF02 /* Sources */,
				11BD99942A44CE1E00DBAF02 /* Frameworks */,
				11BD99952A44CE1E00DBAF02 /* Resources */,
			);
			buildRules = (
			);
			dependencies = (
			);
			name = ContactListSwiftUI;
			productName = ContactListSwiftUI;
			productReference = 11BD99972A44CE1E00DBAF02 /* ContactListSwiftUI.app */;
			productType = "com.apple.product-type.application";
		};
/* End PBXNativeTarget section */

/* Begin PBXProject section */
		11BD998F2A44CE1E00DBAF02 /* Project object */ = {
			isa = PBXProject;
			attributes = {
				BuildIndependentTargetsInParallel = 1;
				LastSwiftUpdateCheck = 1430;
				LastUpgradeCheck = 1430;
				TargetAttributes = {
					11BD99962A44CE1E00DBAF02 = {
						CreatedOnToolsVersion = 14.3;
					};
				};
			};
			buildConfigurationList = 11BD99922A44CE1E00DBAF02 /* Build configuration list for PBXProject "ContactListSwiftUI" */;
			compatibilityVersion = "Xcode 14.0";
			developmentRegion = en;
			hasScannedForEncodings = 0;
			knownRegions = (
				en,
				Base,
			);
			mainGroup = 11BD998E2A44CE1E00DBAF02;
			productRefGroup = 11BD99982A44CE1E00DBAF02 /* Products */;
			projectDirPath = "";
			projectRoot = "";
			targets = (
				11BD99962A44CE1E00DBAF02 /* ContactListSwiftUI */,
			);
		};
/* End PBXProject section */

/* Begin PBXResourcesBuildPhase section */
		11BD99952A44CE1E00DBAF02 /* Resources */ = {
			isa = PBXResourcesBuildPhase;
			buildActionMask = 2147483647;
			files = (
				11BD99A22A44CE1F00DBAF02 /* Preview Assets.xcassets in Resources */,
				11BD999F2A44CE1F00DBAF02 /* Assets.xcassets in Resources */,
			);
			runOnlyForDeploymentPostprocessing = 0;
		};
/* End PBXResourcesBuildPhase section */

/* Begin PBXSourcesBuildPhase section */
		11BD99932A44CE1E00DBAF02 /* Sources */ = {
			isa = PBXSourcesBuildPhase;
			buildActionMask = 2147483647;
			files = (
				11BD99B32A44DA5500DBAF02 /* ContactDetailsView.swift in Sources */,
				11BD999D2A44CE1E00DBAF02 /* ContentView.swift in Sources */,
				11BD99B12A44D72000DBAF02 /* ContactRowView.swift in Sources */,
				11BD99B82A44E2DC00DBAF02 /* NumbersView.swift in Sources */,
				11BD99AB2A44CEEA00DBAF02 /* Person.swift in Sources */,
				11BD99AD2A44CF6000DBAF02 /* PersonViewModel.swift in Sources */,
				11BD99AF2A44D10A00DBAF02 /* ContactsView.swift in Sources */,
				11BD99A92A44CE9C00DBAF02 /* DataStore.swift in Sources */,
				11BD999B2A44CE1E00DBAF02 /* ContactListSwiftUIApp.swift in Sources */,
			);
			runOnlyForDeploymentPostprocessing = 0;
		};
/* End PBXSourcesBuildPhase section */

/* Begin XCBuildConfiguration section */
		11BD99A32A44CE1F00DBAF02 /* Debug */ = {
			isa = XCBuildConfiguration;
			buildSettings = {
				ALWAYS_SEARCH_USER_PATHS = NO;
				CLANG_ANALYZER_NONNULL = YES;
				CLANG_ANALYZER_NUMBER_OBJECT_CONVERSION = YES_AGGRESSIVE;
				CLANG_CXX_LANGUAGE_STANDARD = "gnu++20";
				CLANG_ENABLE_MODULES = YES;
				CLANG_ENABLE_OBJC_ARC = YES;
				CLANG_ENABLE_OBJC_WEAK = YES;
				CLANG_WARN_BLOCK_CAPTURE_AUTORELEASING = YES;
				CLANG_WARN_BOOL_CONVERSION = YES;
				CLANG_WARN_COMMA = YES;
				CLANG_WARN_CONSTANT_CONVERSION = YES;
				CLANG_WARN_DEPRECATED_OBJC_IMPLEMENTATIONS = YES;
				CLANG_WARN_DIRECT_OBJC_ISA_USAGE = YES_ERROR;
				CLANG_WARN_DOCUMENTATION_COMMENTS = YES;
				CLANG_WARN_EMPTY_BODY = YES;
				CLANG_WARN_ENUM_CONVERSION = YES;
				CLANG_WARN_INFINITE_RECURSION = YES;
				CLANG_WARN_INT_CONVERSION = YES;
				CLANG_WARN_NON_LITERAL_NULL_CONVERSION = YES;
				CLANG_WARN_OBJC_IMPLICIT_RETAIN_SELF = YES;
				CLANG_WARN_OBJC_LITERAL_CONVERSION = YES;
				CLANG_WARN_OBJC_ROOT_CLASS = YES_ERROR;
				CLANG_WARN_QUOTED_INCLUDE_IN_FRAMEWORK_HEADER = YES;
				CLANG_WARN_RANGE_LOOP_ANALYSIS = YES;
				CLANG_WARN_STRICT_PROTOTYPES = YES;
				CLANG_WARN_SUSPICIOUS_MOVE = YES;
				CLANG_WARN_UNGUARDED_AVAILABILITY = YES_AGGRESSIVE;
				CLANG_WARN_UNREACHABLE_CODE = YES;
				CLANG_WARN__DUPLICATE_METHOD_MATCH = YES;
				COPY_PHASE_STRIP = NO;
				DEBUG_INFORMATION_FORMAT = dwarf;
				ENABLE_STRICT_OBJC_MSGSEND = YES;
				ENABLE_TESTABILITY = YES;
				GCC_C_LANGUAGE_STANDARD = gnu11;
				GCC_DYNAMIC_NO_PIC = NO;
				GCC_NO_COMMON_BLOCKS = YES;
				GCC_OPTIMIZATION_LEVEL = 0;
				GCC_PREPROCESSOR_DEFINITIONS = (
					"DEBUG=1",
					"$(inherited)",
				);
				GCC_WARN_64_TO_32_BIT_CONVERSION = YES;
				GCC_WARN_ABOUT_RETURN_TYPE = YES_ERROR;
				GCC_WARN_UNDECLARED_SELECTOR = YES;
				GCC_WARN_UNINITIALIZED_AUTOS = YES_AGGRESSIVE;
				GCC_WARN_UNUSED_FUNCTION = YES;
				GCC_WARN_UNUSED_VARIABLE = YES;
				IPHONEOS_DEPLOYMENT_TARGET = 16.4;
				MTL_ENABLE_DEBUG_INFO = INCLUDE_SOURCE;
				MTL_FAST_MATH = YES;
				ONLY_ACTIVE_ARCH = YES;
				SDKROOT = iphoneos;
				SWIFT_ACTIVE_COMPILATION_CONDITIONS = DEBUG;
				SWIFT_OPTIMIZATION_LEVEL = "-Onone";
			};
			name = Debug;
		};
		11BD99A42A44CE1F00DBAF02 /* Release */ = {
			isa = XCBuildConfiguration;
			buildSettings = {
				ALWAYS_SEARCH_USER_PATHS = NO;
				CLANG_ANALYZER_NONNULL = YES;
				CLANG_ANALYZER_NUMBER_OBJECT_CONVERSION = YES_AGGRESSIVE;
				CLANG_CXX_LANGUAGE_STANDARD = "gnu++20";
				CLANG_ENABLE_MODULES = YES;
				CLANG_ENABLE_OBJC_ARC = YES;
				CLANG_ENABLE_OBJC_WEAK = YES;
				CLANG_WARN_BLOCK_CAPTURE_AUTORELEASING = YES;
				CLANG_WARN_BOOL_CONVERSION = YES;
				CLANG_WARN_COMMA = YES;
				CLANG_WARN_CONSTANT_CONVERSION = YES;
				CLANG_WARN_DEPRECATED_OBJC_IMPLEMENTATIONS = YES;
				CLANG_WARN_DIRECT_OBJC_ISA_USAGE = YES_ERROR;
				CLANG_WARN_DOCUMENTATION_COMMENTS = YES;
				CLANG_WARN_EMPTY_BODY = YES;
				CLANG_WARN_ENUM_CONVERSION = YES;
				CLANG_WARN_INFINITE_RECURSION = YES;
				CLANG_WARN_INT_CONVERSION = YES;
				CLANG_WARN_NON_LITERAL_NULL_CONVERSION = YES;
				CLANG_WARN_OBJC_IMPLICIT_RETAIN_SELF = YES;
				CLANG_WARN_OBJC_LITERAL_CONVERSION = YES;
				CLANG_WARN_OBJC_ROOT_CLASS = YES_ERROR;
				CLANG_WARN_QUOTED_INCLUDE_IN_FRAMEWORK_HEADER = YES;
				CLANG_WARN_RANGE_LOOP_ANALYSIS = YES;
				CLANG_WARN_STRICT_PROTOTYPES = YES;
				CLANG_WARN_SUSPICIOUS_MOVE = YES;
				CLANG_WARN_UNGUARDED_AVAILABILITY = YES_AGGRESSIVE;
				CLANG_WARN_UNREACHABLE_CODE = YES;
				CLANG_WARN__DUPLICATE_METHOD_MATCH = YES;
				COPY_PHASE_STRIP = NO;
				DEBUG_INFORMATION_FORMAT = "dwarf-with-dsym";
				ENABLE_NS_ASSERTIONS = NO;
				ENABLE_STRICT_OBJC_MSGSEND = YES;
				GCC_C_LANGUAGE_STANDARD = gnu11;
				GCC_NO_COMMON_BLOCKS = YES;
				GCC_WARN_64_TO_32_BIT_CONVERSION = YES;
				GCC_WARN_ABOUT_RETURN_TYPE = YES_ERROR;
				GCC_WARN_UNDECLARED_SELECTOR = YES;
				GCC_WARN_UNINITIALIZED_AUTOS = YES_AGGRESSIVE;
				GCC_WARN_UNUSED_FUNCTION = YES;
				GCC_WARN_UNUSED_VARIABLE = YES;
				IPHONEOS_DEPLOYMENT_TARGET = 16.4;
				MTL_ENABLE_DEBUG_INFO = NO;
				MTL_FAST_MATH = YES;
				SDKROOT = iphoneos;
				SWIFT_COMPILATION_MODE = wholemodule;
				SWIFT_OPTIMIZATION_LEVEL = "-O";
				VALIDATE_PRODUCT = YES;
			};
			name = Release;
		};
		11BD99A62A44CE1F00DBAF02 /* Debug */ = {
			isa = XCBuildConfiguration;
			buildSettings = {
				ASSETCATALOG_COMPILER_APPICON_NAME = AppIcon;
				ASSETCATALOG_COMPILER_GLOBAL_ACCENT_COLOR_NAME = AccentColor;
				CODE_SIGN_STYLE = Automatic;
				CURRENT_PROJECT_VERSION = 1;
				DEVELOPMENT_ASSET_PATHS = "\"ContactListSwiftUI/Preview Content\"";
				DEVELOPMENT_TEAM = JXRD2AKBWK;
				ENABLE_PREVIEWS = YES;
				GENERATE_INFOPLIST_FILE = YES;
				INFOPLIST_KEY_UIApplicationSceneManifest_Generation = YES;
				INFOPLIST_KEY_UIApplicationSupportsIndirectInputEvents = YES;
				INFOPLIST_KEY_UILaunchScreen_Generation = YES;
				INFOPLIST_KEY_UISupportedInterfaceOrientations_iPad = "UIInterfaceOrientationPortrait UIInterfaceOrientationPortraitUpsideDown UIInterfaceOrientationLandscapeLeft UIInterfaceOrientationLandscapeRight";
				INFOPLIST_KEY_UISupportedInterfaceOrientations_iPhone = "UIInterfaceOrientationPortrait UIInterfaceOrientationLandscapeLeft UIInterfaceOrientationLandscapeRight";
				LD_RUNPATH_SEARCH_PATHS = (
					"$(inherited)",
					"@executable_path/Frameworks",
				);
				MARKETING_VERSION = 1.0;
				PRODUCT_BUNDLE_IDENTIFIER = polochanin.alexander.ContactListSwiftUI;
				PRODUCT_NAME = "$(TARGET_NAME)";
				SWIFT_EMIT_LOC_STRINGS = YES;
				SWIFT_VERSION = 5.0;
				TARGETED_DEVICE_FAMILY = "1,2";
			};
			name = Debug;
		};
		11BD99A72A44CE1F00DBAF02 /* Release */ = {
			isa = XCBuildConfiguration;
			buildSettings = {
				ASSETCATALOG_COMPILER_APPICON_NAME = AppIcon;
				ASSETCATALOG_COMPILER_GLOBAL_ACCENT_COLOR_NAME = AccentColor;
				CODE_SIGN_STYLE = Automatic;
				CURRENT_PROJECT_VERSION = 1;
				DEVELOPMENT_ASSET_PATHS = "\"ContactListSwiftUI/Preview Content\"";
				DEVELOPMENT_TEAM = JXRD2AKBWK;
				ENABLE_PREVIEWS = YES;
				GENERATE_INFOPLIST_FILE = YES;
				INFOPLIST_KEY_UIApplicationSceneManifest_Generation = YES;
				INFOPLIST_KEY_UIApplicationSupportsIndirectInputEvents = YES;
				INFOPLIST_KEY_UILaunchScreen_Generation = YES;
				INFOPLIST_KEY_UISupportedInterfaceOrientations_iPad = "UIInterfaceOrientationPortrait UIInterfaceOrientationPortraitUpsideDown UIInterfaceOrientationLandscapeLeft UIInterfaceOrientationLandscapeRight";
				INFOPLIST_KEY_UISupportedInterfaceOrientations_iPhone = "UIInterfaceOrientationPortrait UIInterfaceOrientationLandscapeLeft UIInterfaceOrientationLandscapeRight";
				LD_RUNPATH_SEARCH_PATHS = (
					"$(inherited)",
					"@executable_path/Frameworks",
				);
				MARKETING_VERSION = 1.0;
				PRODUCT_BUNDLE_IDENTIFIER = polochanin.alexander.ContactListSwiftUI;
				PRODUCT_NAME = "$(TARGET_NAME)";
				SWIFT_EMIT_LOC_STRINGS = YES;
				SWIFT_VERSION = 5.0;
				TARGETED_DEVICE_FAMILY = "1,2";
			};
			name = Release;
		};
/* End XCBuildConfiguration section */

/* Begin XCConfigurationList section */
		11BD99922A44CE1E00DBAF02 /* Build configuration list for PBXProject "ContactListSwiftUI" */ = {
			isa = XCConfigurationList;
			buildConfigurations = (
				11BD99A32A44CE1F00DBAF02 /* Debug */,
				11BD99A42A44CE1F00DBAF02 /* Release */,
			);
			defaultConfigurationIsVisible = 0;
			defaultConfigurationName = Release;
		};
		11BD99A52A44CE1F00DBAF02 /* Build configuration list for PBXNativeTarget "ContactListSwiftUI" */ = {
			isa = XCConfigurationList;
			buildConfigurations = (
				11BD99A62A44CE1F00DBAF02 /* Debug */,
				11BD99A72A44CE1F00DBAF02 /* Release */,
			);
			defaultConfigurationIsVisible = 0;
			defaultConfigurationName = Release;
		};
/* End XCConfigurationList section */
	};
	rootObject = 11BD998F2A44CE1E00DBAF02 /* Project object */;
}
